
Microsoft Visual Studio Solution File, Format Version 12.00
# Visual Studio 15
VisualStudioVersion = 15.0.27703.2000
MinimumVisualStudioVersion = 10.0.40219.1
Project("{FAE04EC0-301F-11D3-BF4B-00C04F79EFBC}") = "ServiceBusApi", "ServiceBusApi\ServiceBusApi.csproj", "{D3868633-C77F-4BF6-9C32-827A1FB6E597}"
EndProject
Project("{FAE04EC0-301F-11D3-BF4B-00C04F79EFBC}") = "ServiceBusConsole", "ServiceBusConsole\ServiceBusConsole.csproj", "{23CEBD71-5079-495F-8D13-1EC72A5CC795}"
EndProject
Global
	GlobalSection(SolutionConfigurationPlatforms) = preSolution
		Debug|Any CPU = Debug|Any CPU
		Release|Any CPU = Release|Any CPU
	EndGlobalSection
	GlobalSection(ProjectConfigurationPlatforms) = postSolution
		{D3868633-C77F-4BF6-9C32-827A1FB6E597}.Debug|Any CPU.ActiveCfg = Debug|Any CPU
		{D3868633-C77F-4BF6-9C32-827A1FB6E597}.Debug|Any CPU.Build.0 = Debug|Any CPU
		{D3868633-C77F-4BF6-9C32-827A1FB6E597}.Release|Any CPU.ActiveCfg = Release|Any CPU
		{D3868633-C77F-4BF6-9C32-827A1FB6E597}.Release|Any CPU.Build.0 = Release|Any CPU
		{23CEBD71-5079-495F-8D13-1EC72A5CC795}.Debug|Any CPU.ActiveCfg = Debug|Any CPU
		{23CEBD71-5079-495F-8D13-1EC72A5CC795}.Debug|Any CPU.Build.0 = Debug|Any CPU
		{23CEBD71-5079-495F-8D13-1EC72A5CC795}.Release|Any CPU.ActiveCfg = Release|Any CPU
		{23CEBD71-5079-495F-8D13-1EC72A5CC795}.Release|Any CPU.Build.0 = Release|Any CPU
	EndGlobalSection
	GlobalSection(SolutionProperties) = preSolution
		HideSolutionNode = FALSE
	EndGlobalSection
	GlobalSection(ExtensibilityGlobals) = postSolution
		SolutionGuid = {DEDA8491-E969-4251-A84E-BF5D5FD50DF0}
	EndGlobalSection
EndGlobal
